
Microsoft Visual Studio Solution File, Format Version 12.00
# Visual Studio 14
VisualStudioVersion = 14.0.25420.1
MinimumVisualStudioVersion = 10.0.40219.1
Project("{FAE04EC0-301F-11D3-BF4B-00C04F79EFBC}") = "Escritorio", "Escritorio\Escritorio.csproj", "{098FCDAE-7A77-42B8-881F-200733E79F16}"
EndProject
Project("{FAE04EC0-301F-11D3-BF4B-00C04F79EFBC}") = "Consola", "Consola\Consola.csproj", "{FFE73750-0BEA-4607-88D0-52940D99D641}"
EndProject
Project("{FAE04EC0-301F-11D3-BF4B-00C04F79EFBC}") = "Negocio", "Negocio\Negocio.csproj", "{275B2E13-964D-4B88-B069-D08D98A69C71}"
EndProject
Project("{FAE04EC0-301F-11D3-BF4B-00C04F79EFBC}") = "Util", "Util\Util.csproj", "{25618681-3339-4BDD-B0D0-D0DCCAC628E4}"
EndProject
Project("{FAE04EC0-301F-11D3-BF4B-00C04F79EFBC}") = "Entidades", "Entidades\Entidades.csproj", "{362A57E1-77B3-4F16-A2DB-4E3FA44EBCA1}"
EndProject
Project("{FAE04EC0-301F-11D3-BF4B-00C04F79EFBC}") = "Datos", "Datos\Datos.csproj", "{53972C19-606C-49BF-BBB8-64E940705CE2}"
EndProject
Project("{FAE04EC0-301F-11D3-BF4B-00C04F79EFBC}") = "WebTest", "WebTest\WebTest.csproj", "{343FE63B-F881-4960-B187-C70FEC5D4B02}"
EndProject
Global
	GlobalSection(SolutionConfigurationPlatforms) = preSolution
		Debug|Any CPU = Debug|Any CPU
		DebugLocal|Any CPU = DebugLocal|Any CPU
		Release|Any CPU = Release|Any CPU
	EndGlobalSection
	GlobalSection(ProjectConfigurationPlatforms) = postSolution
		{098FCDAE-7A77-42B8-881F-200733E79F16}.Debug|Any CPU.ActiveCfg = Debug|Any CPU
		{098FCDAE-7A77-42B8-881F-200733E79F16}.Debug|Any CPU.Build.0 = Debug|Any CPU
		{098FCDAE-7A77-42B8-881F-200733E79F16}.DebugLocal|Any CPU.ActiveCfg = Debug|Any CPU
		{098FCDAE-7A77-42B8-881F-200733E79F16}.DebugLocal|Any CPU.Build.0 = Debug|Any CPU
		{098FCDAE-7A77-42B8-881F-200733E79F16}.Release|Any CPU.ActiveCfg = Release|Any CPU
		{098FCDAE-7A77-42B8-881F-200733E79F16}.Release|Any CPU.Build.0 = Release|Any CPU
		{FFE73750-0BEA-4607-88D0-52940D99D641}.Debug|Any CPU.ActiveCfg = Debug|Any CPU
		{FFE73750-0BEA-4607-88D0-52940D99D641}.Debug|Any CPU.Build.0 = Debug|Any CPU
		{FFE73750-0BEA-4607-88D0-52940D99D641}.DebugLocal|Any CPU.ActiveCfg = Debug|Any CPU
		{FFE73750-0BEA-4607-88D0-52940D99D641}.DebugLocal|Any CPU.Build.0 = Debug|Any CPU
		{FFE73750-0BEA-4607-88D0-52940D99D641}.Release|Any CPU.ActiveCfg = Release|Any CPU
		{FFE73750-0BEA-4607-88D0-52940D99D641}.Release|Any CPU.Build.0 = Release|Any CPU
		{275B2E13-964D-4B88-B069-D08D98A69C71}.Debug|Any CPU.ActiveCfg = Debug|Any CPU
		{275B2E13-964D-4B88-B069-D08D98A69C71}.Debug|Any CPU.Build.0 = Debug|Any CPU
		{275B2E13-964D-4B88-B069-D08D98A69C71}.DebugLocal|Any CPU.ActiveCfg = Debug|Any CPU
		{275B2E13-964D-4B88-B069-D08D98A69C71}.DebugLocal|Any CPU.Build.0 = Debug|Any CPU
		{275B2E13-964D-4B88-B069-D08D98A69C71}.Release|Any CPU.ActiveCfg = Release|Any CPU
		{275B2E13-964D-4B88-B069-D08D98A69C71}.Release|Any CPU.Build.0 = Release|Any CPU
		{25618681-3339-4BDD-B0D0-D0DCCAC628E4}.Debug|Any CPU.ActiveCfg = Debug|Any CPU
		{25618681-3339-4BDD-B0D0-D0DCCAC628E4}.Debug|Any CPU.Build.0 = Debug|Any CPU
		{25618681-3339-4BDD-B0D0-D0DCCAC628E4}.DebugLocal|Any CPU.ActiveCfg = Debug|Any CPU
		{25618681-3339-4BDD-B0D0-D0DCCAC628E4}.DebugLocal|Any CPU.Build.0 = Debug|Any CPU
		{25618681-3339-4BDD-B0D0-D0DCCAC628E4}.Release|Any CPU.ActiveCfg = Release|Any CPU
		{25618681-3339-4BDD-B0D0-D0DCCAC628E4}.Release|Any CPU.Build.0 = Release|Any CPU
		{362A57E1-77B3-4F16-A2DB-4E3FA44EBCA1}.Debug|Any CPU.ActiveCfg = Debug|Any CPU
		{362A57E1-77B3-4F16-A2DB-4E3FA44EBCA1}.Debug|Any CPU.Build.0 = Debug|Any CPU
		{362A57E1-77B3-4F16-A2DB-4E3FA44EBCA1}.DebugLocal|Any CPU.ActiveCfg = Debug|Any CPU
		{362A57E1-77B3-4F16-A2DB-4E3FA44EBCA1}.DebugLocal|Any CPU.Build.0 = Debug|Any CPU
		{362A57E1-77B3-4F16-A2DB-4E3FA44EBCA1}.Release|Any CPU.ActiveCfg = Release|Any CPU
		{362A57E1-77B3-4F16-A2DB-4E3FA44EBCA1}.Release|Any CPU.Build.0 = Release|Any CPU
		{53972C19-606C-49BF-BBB8-64E940705CE2}.Debug|Any CPU.ActiveCfg = Debug|Any CPU
		{53972C19-606C-49BF-BBB8-64E940705CE2}.Debug|Any CPU.Build.0 = Debug|Any CPU
		{53972C19-606C-49BF-BBB8-64E940705CE2}.DebugLocal|Any CPU.ActiveCfg = Debug|Any CPU
		{53972C19-606C-49BF-BBB8-64E940705CE2}.DebugLocal|Any CPU.Build.0 = Debug|Any CPU
		{53972C19-606C-49BF-BBB8-64E940705CE2}.Release|Any CPU.ActiveCfg = Release|Any CPU
		{53972C19-606C-49BF-BBB8-64E940705CE2}.Release|Any CPU.Build.0 = Release|Any CPU
		{343FE63B-F881-4960-B187-C70FEC5D4B02}.Debug|Any CPU.ActiveCfg = Debug|Any CPU
		{343FE63B-F881-4960-B187-C70FEC5D4B02}.Debug|Any CPU.Build.0 = Debug|Any CPU
		{343FE63B-F881-4960-B187-C70FEC5D4B02}.DebugLocal|Any CPU.ActiveCfg = Debug|Any CPU
		{343FE63B-F881-4960-B187-C70FEC5D4B02}.DebugLocal|Any CPU.Build.0 = Debug|Any CPU
		{343FE63B-F881-4960-B187-C70FEC5D4B02}.Release|Any CPU.ActiveCfg = Release|Any CPU
		{343FE63B-F881-4960-B187-C70FEC5D4B02}.Release|Any CPU.Build.0 = Release|Any CPU
	EndGlobalSection
	GlobalSection(SolutionProperties) = preSolution
		HideSolutionNode = FALSE
	EndGlobalSection
EndGlobal
